
Microsoft Visual Studio Solution File, Format Version 12.00
# Visual Studio Version 16
VisualStudioVersion = 16.0.29911.84
MinimumVisualStudioVersion = 10.0.40219.1
Project("{9A19103F-16F7-4668-BE54-9A1E7A4F7556}") = "EFCoreDemoApp", "EFCoreDemoApp\EFCoreDemoApp.csproj", "{D143E369-9108-4F61-B297-7603BCDB55D3}"
EndProject
Project("{9A19103F-16F7-4668-BE54-9A1E7A4F7556}") = "Repositry", "Repositry\Repositry.csproj", "{5D9BAD48-6FB9-4B60-A34E-C269D871BB6B}"
EndProject
Project("{9A19103F-16F7-4668-BE54-9A1E7A4F7556}") = "Service", "Service\Service.csproj", "{B5A2594C-78BB-4589-9C7F-4E0B6BA6D31C}"
EndProject
Project("{FAE04EC0-301F-11D3-BF4B-00C04F79EFBC}") = "Utilities", "Utilities\Utilities.csproj", "{A3C4B51F-0D6B-4125-8B9D-E824D76DD615}"
EndProject
Global
	GlobalSection(SolutionConfigurationPlatforms) = preSolution
		Debug|Any CPU = Debug|Any CPU
		Release|Any CPU = Release|Any CPU
	EndGlobalSection
	GlobalSection(ProjectConfigurationPlatforms) = postSolution
		{D143E369-9108-4F61-B297-7603BCDB55D3}.Debug|Any CPU.ActiveCfg = Debug|Any CPU
		{D143E369-9108-4F61-B297-7603BCDB55D3}.Debug|Any CPU.Build.0 = Debug|Any CPU
		{D143E369-9108-4F61-B297-7603BCDB55D3}.Release|Any CPU.ActiveCfg = Release|Any CPU
		{D143E369-9108-4F61-B297-7603BCDB55D3}.Release|Any CPU.Build.0 = Release|Any CPU
		{5D9BAD48-6FB9-4B60-A34E-C269D871BB6B}.Debug|Any CPU.ActiveCfg = Debug|Any CPU
		{5D9BAD48-6FB9-4B60-A34E-C269D871BB6B}.Debug|Any CPU.Build.0 = Debug|Any CPU
		{5D9BAD48-6FB9-4B60-A34E-C269D871BB6B}.Release|Any CPU.ActiveCfg = Release|Any CPU
		{5D9BAD48-6FB9-4B60-A34E-C269D871BB6B}.Release|Any CPU.Build.0 = Release|Any CPU
		{B5A2594C-78BB-4589-9C7F-4E0B6BA6D31C}.Debug|Any CPU.ActiveCfg = Debug|Any CPU
		{B5A2594C-78BB-4589-9C7F-4E0B6BA6D31C}.Debug|Any CPU.Build.0 = Debug|Any CPU
		{B5A2594C-78BB-4589-9C7F-4E0B6BA6D31C}.Release|Any CPU.ActiveCfg = Release|Any CPU
		{B5A2594C-78BB-4589-9C7F-4E0B6BA6D31C}.Release|Any CPU.Build.0 = Release|Any CPU
		{A3C4B51F-0D6B-4125-8B9D-E824D76DD615}.Debug|Any CPU.ActiveCfg = Debug|Any CPU
		{A3C4B51F-0D6B-4125-8B9D-E824D76DD615}.Debug|Any CPU.Build.0 = Debug|Any CPU
		{A3C4B51F-0D6B-4125-8B9D-E824D76DD615}.Release|Any CPU.ActiveCfg = Release|Any CPU
		{A3C4B51F-0D6B-4125-8B9D-E824D76DD615}.Release|Any CPU.Build.0 = Release|Any CPU
	EndGlobalSection
	GlobalSection(SolutionProperties) = preSolution
		HideSolutionNode = FALSE
	EndGlobalSection
	GlobalSection(ExtensibilityGlobals) = postSolution
		SolutionGuid = {AD4B2903-3552-43C9-A256-C2BC415E9C70}
	EndGlobalSection
EndGlobal
