
Microsoft Visual Studio Solution File, Format Version 12.00
# Visual Studio Version 16
VisualStudioVersion = 16.0.29911.84
MinimumVisualStudioVersion = 10.0.40219.1
Project("{FAE04EC0-301F-11D3-BF4B-00C04F79EFBC}") = "EFCoreDemoApp", "EFCoreDemoApp\EFCoreDemoApp.csproj", "{D143E369-9108-4F61-B297-7603BCDB55D3}"
EndProject
Global
	GlobalSection(SolutionConfigurationPlatforms) = preSolution
		Debug|Any CPU = Debug|Any CPU
		Release|Any CPU = Release|Any CPU
	EndGlobalSection
	GlobalSection(ProjectConfigurationPlatforms) = postSolution
		{D143E369-9108-4F61-B297-7603BCDB55D3}.Debug|Any CPU.ActiveCfg = Debug|Any CPU
		{D143E369-9108-4F61-B297-7603BCDB55D3}.Debug|Any CPU.Build.0 = Debug|Any CPU
		{D143E369-9108-4F61-B297-7603BCDB55D3}.Release|Any CPU.ActiveCfg = Release|Any CPU
		{D143E369-9108-4F61-B297-7603BCDB55D3}.Release|Any CPU.Build.0 = Release|Any CPU
	EndGlobalSection
	GlobalSection(SolutionProperties) = preSolution
		HideSolutionNode = FALSE
	EndGlobalSection
	GlobalSection(ExtensibilityGlobals) = postSolution
		SolutionGuid = {AD4B2903-3552-43C9-A256-C2BC415E9C70}
	EndGlobalSection
EndGlobal
